
Microsoft Visual Studio Solution File, Format Version 12.00
# Visual Studio Version 17
VisualStudioVersion = 17.12.35521.163
MinimumVisualStudioVersion = 10.0.40219.1
Project("{9A19103F-16F7-4668-BE54-9A1E7A4F7556}") = "API", "ExchangeServiceAPI\API.csproj", "{EFA63196-97BC-4E2A-B580-0758872BF66F}"
EndProject
Project("{9A19103F-16F7-4668-BE54-9A1E7A4F7556}") = "Application", "Application\Application.csproj", "{9E7E4BBB-A1FA-4696-AB33-944538FCBCEA}"
EndProject
Project("{9A19103F-16F7-4668-BE54-9A1E7A4F7556}") = "Domain", "Core\Domain.csproj", "{772369AD-E97D-4B96-85AB-A48DE3C0EEA1}"
EndProject
Project("{9A19103F-16F7-4668-BE54-9A1E7A4F7556}") = "Infrastructure", "Infrastructure\Infrastructure.csproj", "{5585DE47-7644-4BAF-860B-6C99DAD6ED20}"
EndProject
Project("{2150E333-8FDC-42A3-9474-1A3956D46DE8}") = "test", "test", "{E734E7C2-DCCF-4EED-9275-9E844C576FCE}"
EndProject
Project("{9A19103F-16F7-4668-BE54-9A1E7A4F7556}") = "Application.Test", "Application.Test\Application.Test.csproj", "{967F64B8-55F5-499D-A48C-B7352CB51DA0}"
EndProject
Project("{2150E333-8FDC-42A3-9474-1A3956D46DE8}") = "src", "src", "{F0661669-5229-4D76-8BD4-4EA39B0DED6E}"
EndProject
Project("{9A19103F-16F7-4668-BE54-9A1E7A4F7556}") = "ExchangeServiceAPI.Application.IntegrationTests", "ExchangeServiceAPI.Application.IntegrationTests\ExchangeServiceAPI.Application.IntegrationTests.csproj", "{670FC0FC-7CD4-4EEE-AB7F-909595849C3A}"
EndProject
Project("{2150E333-8FDC-42A3-9474-1A3956D46DE8}") = "Core", "Core", "{A1725375-118E-48E3-901A-7C3983ED26F6}"
EndProject
Global
	GlobalSection(SolutionConfigurationPlatforms) = preSolution
		Debug|Any CPU = Debug|Any CPU
		Release|Any CPU = Release|Any CPU
	EndGlobalSection
	GlobalSection(ProjectConfigurationPlatforms) = postSolution
		{EFA63196-97BC-4E2A-B580-0758872BF66F}.Debug|Any CPU.ActiveCfg = Debug|Any CPU
		{EFA63196-97BC-4E2A-B580-0758872BF66F}.Debug|Any CPU.Build.0 = Debug|Any CPU
		{EFA63196-97BC-4E2A-B580-0758872BF66F}.Release|Any CPU.ActiveCfg = Release|Any CPU
		{EFA63196-97BC-4E2A-B580-0758872BF66F}.Release|Any CPU.Build.0 = Release|Any CPU
		{9E7E4BBB-A1FA-4696-AB33-944538FCBCEA}.Debug|Any CPU.ActiveCfg = Debug|Any CPU
		{9E7E4BBB-A1FA-4696-AB33-944538FCBCEA}.Debug|Any CPU.Build.0 = Debug|Any CPU
		{9E7E4BBB-A1FA-4696-AB33-944538FCBCEA}.Release|Any CPU.ActiveCfg = Release|Any CPU
		{9E7E4BBB-A1FA-4696-AB33-944538FCBCEA}.Release|Any CPU.Build.0 = Release|Any CPU
		{772369AD-E97D-4B96-85AB-A48DE3C0EEA1}.Debug|Any CPU.ActiveCfg = Debug|Any CPU
		{772369AD-E97D-4B96-85AB-A48DE3C0EEA1}.Debug|Any CPU.Build.0 = Debug|Any CPU
		{772369AD-E97D-4B96-85AB-A48DE3C0EEA1}.Release|Any CPU.ActiveCfg = Release|Any CPU
		{772369AD-E97D-4B96-85AB-A48DE3C0EEA1}.Release|Any CPU.Build.0 = Release|Any CPU
		{5585DE47-7644-4BAF-860B-6C99DAD6ED20}.Debug|Any CPU.ActiveCfg = Debug|Any CPU
		{5585DE47-7644-4BAF-860B-6C99DAD6ED20}.Debug|Any CPU.Build.0 = Debug|Any CPU
		{5585DE47-7644-4BAF-860B-6C99DAD6ED20}.Release|Any CPU.ActiveCfg = Release|Any CPU
		{5585DE47-7644-4BAF-860B-6C99DAD6ED20}.Release|Any CPU.Build.0 = Release|Any CPU
		{967F64B8-55F5-499D-A48C-B7352CB51DA0}.Debug|Any CPU.ActiveCfg = Debug|Any CPU
		{967F64B8-55F5-499D-A48C-B7352CB51DA0}.Debug|Any CPU.Build.0 = Debug|Any CPU
		{967F64B8-55F5-499D-A48C-B7352CB51DA0}.Release|Any CPU.ActiveCfg = Release|Any CPU
		{967F64B8-55F5-499D-A48C-B7352CB51DA0}.Release|Any CPU.Build.0 = Release|Any CPU
		{670FC0FC-7CD4-4EEE-AB7F-909595849C3A}.Debug|Any CPU.ActiveCfg = Debug|Any CPU
		{670FC0FC-7CD4-4EEE-AB7F-909595849C3A}.Debug|Any CPU.Build.0 = Debug|Any CPU
		{670FC0FC-7CD4-4EEE-AB7F-909595849C3A}.Release|Any CPU.ActiveCfg = Release|Any CPU
		{670FC0FC-7CD4-4EEE-AB7F-909595849C3A}.Release|Any CPU.Build.0 = Release|Any CPU
	EndGlobalSection
	GlobalSection(SolutionProperties) = preSolution
		HideSolutionNode = FALSE
	EndGlobalSection
	GlobalSection(NestedProjects) = preSolution
		{EFA63196-97BC-4E2A-B580-0758872BF66F} = {F0661669-5229-4D76-8BD4-4EA39B0DED6E}
		{9E7E4BBB-A1FA-4696-AB33-944538FCBCEA} = {F0661669-5229-4D76-8BD4-4EA39B0DED6E}
		{772369AD-E97D-4B96-85AB-A48DE3C0EEA1} = {F0661669-5229-4D76-8BD4-4EA39B0DED6E}
		{5585DE47-7644-4BAF-860B-6C99DAD6ED20} = {F0661669-5229-4D76-8BD4-4EA39B0DED6E}
		{967F64B8-55F5-499D-A48C-B7352CB51DA0} = {E734E7C2-DCCF-4EED-9275-9E844C576FCE}
		{670FC0FC-7CD4-4EEE-AB7F-909595849C3A} = {E734E7C2-DCCF-4EED-9275-9E844C576FCE}
		{A1725375-118E-48E3-901A-7C3983ED26F6} = {F0661669-5229-4D76-8BD4-4EA39B0DED6E}
	EndGlobalSection
	GlobalSection(ExtensibilityGlobals) = postSolution
		SolutionGuid = {1A8D9F02-C042-415B-A3F4-51C69DB130C1}
	EndGlobalSection
EndGlobal
